
Microsoft Visual Studio Solution File, Format Version 12.00
# Visual Studio Version 16
VisualStudioVersion = 16.0.30503.244
MinimumVisualStudioVersion = 10.0.40219.1
Project("{FAE04EC0-301F-11D3-BF4B-00C04F79EFBC}") = "Academia", "Academia.csproj", "{4166C0B0-B594-4ADE-A1B9-EC502831972A}"
EndProject
Project("{54435603-DBB4-11D2-8724-00A0C9A8B90C}") = "Instalador_Academia", "Instalador\Instalador_Academia\Instalador_Academia.vdproj", "{E04ED6D7-C4C4-40F3-BFB5-6CE45BF654A2}"
EndProject
Global
	GlobalSection(SolutionConfigurationPlatforms) = preSolution
		Debug|Any CPU = Debug|Any CPU
		Release|Any CPU = Release|Any CPU
	EndGlobalSection
	GlobalSection(ProjectConfigurationPlatforms) = postSolution
		{4166C0B0-B594-4ADE-A1B9-EC502831972A}.Debug|Any CPU.ActiveCfg = Debug|Any CPU
		{4166C0B0-B594-4ADE-A1B9-EC502831972A}.Debug|Any CPU.Build.0 = Debug|Any CPU
		{4166C0B0-B594-4ADE-A1B9-EC502831972A}.Release|Any CPU.ActiveCfg = Release|Any CPU
		{4166C0B0-B594-4ADE-A1B9-EC502831972A}.Release|Any CPU.Build.0 = Release|Any CPU
		{E04ED6D7-C4C4-40F3-BFB5-6CE45BF654A2}.Debug|Any CPU.ActiveCfg = Debug
		{E04ED6D7-C4C4-40F3-BFB5-6CE45BF654A2}.Release|Any CPU.ActiveCfg = Release
	EndGlobalSection
	GlobalSection(SolutionProperties) = preSolution
		HideSolutionNode = FALSE
	EndGlobalSection
	GlobalSection(ExtensibilityGlobals) = postSolution
		SolutionGuid = {C979C124-4D7E-4B4F-911C-508D75DECF4C}
	EndGlobalSection
EndGlobal
